{
  "name": "spring-boot-full-stack-learning",
  "version": "0.1.0",
  "lockfileVersion": 3,
  "requires": true,
  "packages": {
    "": {
      "name": "spring-boot-full-stack-learning",
      "version": "0.1.0",
      "devDependencies": {
        "@next-mmo/agent-workflow-scrum": "git+https://github.com/next-mmo/agent-dev-workflow.git#8ebb2b220b624693a4b3c769c34aa873d2e79462"
      }
    },
    "node_modules/@next-mmo/agent-workflow-scrum": {
      "name": "counter-app",
      "version": "1.0.0",
      "resolved": "git+ssh://git@github.com/next-mmo/agent-dev-workflow.git#8ebb2b220b624693a4b3c769c34aa873d2e79462",
      "integrity": "sha512-dNTOF3qnNvnmjYlWDe7aTB/kKfkcdnwcuibNw6IwlRxXB8jaT10Cz3wNwz+RI2IT0F2pOAYWnjrpDzVgKuts9g==",
      "dev": true,
      "license": "MIT",
      "bin": {
        "agent-workflow": "packages/agent-workflow-scrum/bin/agent-workflow.mjs"
      },
      "engines": {
        "node": "^20.19.0 || >=22.12.0"
      }
    }
  }
}
